// !$*UTF8*$!
{
	archiveVersion = 1;
	classes = {
	};
	objectVersion = 46;
	objects = {

/* Begin PBXBuildFile section */
		9C5AF9AB1A3C9DE100F50736 /* main.cpp in Sources */ = {isa = PBXBuildFile; fileRef = 9C5AF9AA1A3C9DE100F50736 /* main.cpp */; };
		9C5AF9B61A3C9E3600F50736 /* CorresBuilder.cpp in Sources */ = {isa = PBXBuildFile; fileRef = 9C5AF9B11A3C9E3600F50736 /* CorresBuilder.cpp */; };
		9C5AF9B71A3C9E3600F50736 /* DataProvider.cpp in Sources */ = {isa = PBXBuildFile; fileRef = 9C5AF9B31A3C9E3600F50736 /* DataProvider.cpp */; };
		9CC794B61A46C04D0027315B /* BasicParameter.cpp in Sources */ = {isa = PBXBuildFile; fileRef = 9CC794A61A46C04D0027315B /* BasicParameter.cpp */; };
		9CC794B71A46C04D0027315B /* Depth2PLY.cpp in Sources */ = {isa = PBXBuildFile; fileRef = 9CC794A81A46C04D0027315B /* Depth2PLY.cpp */; };
		9CC794B81A46C04D0027315B /* MapDumper.cpp in Sources */ = {isa = PBXBuildFile; fileRef = 9CC794AA1A46C04D0027315B /* MapDumper.cpp */; };
		9CC794BA1A46C04D0027315B /* ONIDumper.cpp in Sources */ = {isa = PBXBuildFile; fileRef = 9CC794AE1A46C04D0027315B /* ONIDumper.cpp */; };
		9CC794BB1A46C04D0027315B /* Optimizer.cpp in Sources */ = {isa = PBXBuildFile; fileRef = 9CC794B01A46C04D0027315B /* Optimizer.cpp */; };
		9CC794BC1A46C04D0027315B /* OptimizerParameter.cpp in Sources */ = {isa = PBXBuildFile; fileRef = 9CC794B21A46C04D0027315B /* OptimizerParameter.cpp */; };
		9CC794BD1A46C04D0027315B /* Parameter.cpp in Sources */ = {isa = PBXBuildFile; fileRef = 9CC794B41A46C04D0027315B /* Parameter.cpp */; };
/* End PBXBuildFile section */

/* Begin PBXCopyFilesBuildPhase section */
		9C5AF9A51A3C9DE100F50736 /* CopyFiles */ = {
			isa = PBXCopyFilesBuildPhase;
			buildActionMask = 2147483647;
			dstPath = /usr/share/man/man1/;
			dstSubfolderSpec = 0;
			files = (
			);
			runOnlyForDeploymentPostprocessing = 1;
		};
/* End PBXCopyFilesBuildPhase section */

/* Begin PBXFileReference section */
		9C5AF9A71A3C9DE100F50736 /* KALOFution */ = {isa = PBXFileReference; explicitFileType = "compiled.mach-o.executable"; includeInIndex = 0; path = KALOFution; sourceTree = BUILT_PRODUCTS_DIR; };
		9C5AF9AA1A3C9DE100F50736 /* main.cpp */ = {isa = PBXFileReference; lastKnownFileType = sourcecode.cpp.cpp; path = main.cpp; sourceTree = "<group>"; };
		9C5AF9B11A3C9E3600F50736 /* CorresBuilder.cpp */ = {isa = PBXFileReference; fileEncoding = 4; lastKnownFileType = sourcecode.cpp.cpp; path = CorresBuilder.cpp; sourceTree = "<group>"; };
		9C5AF9B21A3C9E3600F50736 /* CorresBuilder.h */ = {isa = PBXFileReference; fileEncoding = 4; lastKnownFileType = sourcecode.c.h; path = CorresBuilder.h; sourceTree = "<group>"; };
		9C5AF9B31A3C9E3600F50736 /* DataProvider.cpp */ = {isa = PBXFileReference; fileEncoding = 4; lastKnownFileType = sourcecode.cpp.cpp; path = DataProvider.cpp; sourceTree = "<group>"; };
		9C5AF9B41A3C9E3600F50736 /* DataProvider.h */ = {isa = PBXFileReference; fileEncoding = 4; lastKnownFileType = sourcecode.c.h; path = DataProvider.h; sourceTree = "<group>"; };
		9C5AF9B51A3C9E3600F50736 /* define.h */ = {isa = PBXFileReference; fileEncoding = 4; lastKnownFileType = sourcecode.c.h; path = define.h; sourceTree = "<group>"; };
		9CC794A61A46C04D0027315B /* BasicParameter.cpp */ = {isa = PBXFileReference; fileEncoding = 4; lastKnownFileType = sourcecode.cpp.cpp; path = BasicParameter.cpp; sourceTree = "<group>"; };
		9CC794A71A46C04D0027315B /* BasicParameter.h */ = {isa = PBXFileReference; fileEncoding = 4; lastKnownFileType = sourcecode.c.h; path = BasicParameter.h; sourceTree = "<group>"; };
		9CC794A81A46C04D0027315B /* Depth2PLY.cpp */ = {isa = PBXFileReference; fileEncoding = 4; lastKnownFileType = sourcecode.cpp.cpp; path = Depth2PLY.cpp; sourceTree = "<group>"; };
		9CC794A91A46C04D0027315B /* Depth2PLY.h */ = {isa = PBXFileReference; fileEncoding = 4; lastKnownFileType = sourcecode.c.h; path = Depth2PLY.h; sourceTree = "<group>"; };
		9CC794AA1A46C04D0027315B /* MapDumper.cpp */ = {isa = PBXFileReference; fileEncoding = 4; lastKnownFileType = sourcecode.cpp.cpp; path = MapDumper.cpp; sourceTree = "<group>"; };
		9CC794AB1A46C04D0027315B /* MapDumper.h */ = {isa = PBXFileReference; fileEncoding = 4; lastKnownFileType = sourcecode.c.h; path = MapDumper.h; sourceTree = "<group>"; };
		9CC794AE1A46C04D0027315B /* ONIDumper.cpp */ = {isa = PBXFileReference; fileEncoding = 4; lastKnownFileType = sourcecode.cpp.cpp; path = ONIDumper.cpp; sourceTree = "<group>"; };
		9CC794AF1A46C04D0027315B /* ONIDumper.h */ = {isa = PBXFileReference; fileEncoding = 4; lastKnownFileType = sourcecode.c.h; path = ONIDumper.h; sourceTree = "<group>"; };
		9CC794B01A46C04D0027315B /* Optimizer.cpp */ = {isa = PBXFileReference; fileEncoding = 4; lastKnownFileType = sourcecode.cpp.cpp; path = Optimizer.cpp; sourceTree = "<group>"; };
		9CC794B11A46C04D0027315B /* Optimizer.h */ = {isa = PBXFileReference; fileEncoding = 4; lastKnownFileType = sourcecode.c.h; path = Optimizer.h; sourceTree = "<group>"; };
		9CC794B21A46C04D0027315B /* OptimizerParameter.cpp */ = {isa = PBXFileReference; fileEncoding = 4; lastKnownFileType = sourcecode.cpp.cpp; path = OptimizerParameter.cpp; sourceTree = "<group>"; };
		9CC794B31A46C04D0027315B /* OptimizerParameter.h */ = {isa = PBXFileReference; fileEncoding = 4; lastKnownFileType = sourcecode.c.h; path = OptimizerParameter.h; sourceTree = "<group>"; };
		9CC794B41A46C04D0027315B /* Parameter.cpp */ = {isa = PBXFileReference; fileEncoding = 4; lastKnownFileType = sourcecode.cpp.cpp; path = Parameter.cpp; sourceTree = "<group>"; };
		9CC794B51A46C04D0027315B /* Parameter.h */ = {isa = PBXFileReference; fileEncoding = 4; lastKnownFileType = sourcecode.c.h; path = Parameter.h; sourceTree = "<group>"; };
/* End PBXFileReference section */

/* Begin PBXFrameworksBuildPhase section */
		9C5AF9A41A3C9DE100F50736 /* Frameworks */ = {
			isa = PBXFrameworksBuildPhase;
			buildActionMask = 2147483647;
			files = (
			);
			runOnlyForDeploymentPostprocessing = 0;
		};
/* End PBXFrameworksBuildPhase section */

/* Begin PBXGroup section */
		9C5AF99E1A3C9DE100F50736 = {
			isa = PBXGroup;
			children = (
				9C5AF9A91A3C9DE100F50736 /* KALOFution */,
				9C5AF9A81A3C9DE100F50736 /* Products */,
			);
			sourceTree = "<group>";
		};
		9C5AF9A81A3C9DE100F50736 /* Products */ = {
			isa = PBXGroup;
			children = (
				9C5AF9A71A3C9DE100F50736 /* KALOFution */,
			);
			name = Products;
			sourceTree = "<group>";
		};
		9C5AF9A91A3C9DE100F50736 /* KALOFution */ = {
			isa = PBXGroup;
			children = (
				9CC794A61A46C04D0027315B /* BasicParameter.cpp */,
				9CC794A71A46C04D0027315B /* BasicParameter.h */,
				9C5AF9B11A3C9E3600F50736 /* CorresBuilder.cpp */,
				9C5AF9B21A3C9E3600F50736 /* CorresBuilder.h */,
				9C5AF9B31A3C9E3600F50736 /* DataProvider.cpp */,
				9C5AF9B41A3C9E3600F50736 /* DataProvider.h */,
				9C5AF9B51A3C9E3600F50736 /* define.h */,
				9CC794A81A46C04D0027315B /* Depth2PLY.cpp */,
				9CC794A91A46C04D0027315B /* Depth2PLY.h */,
				9C5AF9AA1A3C9DE100F50736 /* main.cpp */,
				9CC794AA1A46C04D0027315B /* MapDumper.cpp */,
				9CC794AB1A46C04D0027315B /* MapDumper.h */,
				9CC794AE1A46C04D0027315B /* ONIDumper.cpp */,
				9CC794AF1A46C04D0027315B /* ONIDumper.h */,
				9CC794B01A46C04D0027315B /* Optimizer.cpp */,
				9CC794B11A46C04D0027315B /* Optimizer.h */,
				9CC794B21A46C04D0027315B /* OptimizerParameter.cpp */,
				9CC794B31A46C04D0027315B /* OptimizerParameter.h */,
				9CC794B41A46C04D0027315B /* Parameter.cpp */,
				9CC794B51A46C04D0027315B /* Parameter.h */,
			);
			path = KALOFution;
			sourceTree = "<group>";
		};
/* End PBXGroup section */

/* Begin PBXNativeTarget section */
		9C5AF9A61A3C9DE100F50736 /* KALOFution */ = {
			isa = PBXNativeTarget;
			buildConfigurationList = 9C5AF9AE1A3C9DE100F50736 /* Build configuration list for PBXNativeTarget "KALOFution" */;
			buildPhases = (
				9C5AF9A31A3C9DE100F50736 /* Sources */,
				9C5AF9A41A3C9DE100F50736 /* Frameworks */,
				9C5AF9A51A3C9DE100F50736 /* CopyFiles */,
			);
			buildRules = (
			);
			dependencies = (
			);
			name = KALOFution;
			productName = KALOFution;
			productReference = 9C5AF9A71A3C9DE100F50736 /* KALOFution */;
			productType = "com.apple.product-type.tool";
		};
/* End PBXNativeTarget section */

/* Begin PBXProject section */
		9C5AF99F1A3C9DE100F50736 /* Project object */ = {
			isa = PBXProject;
			attributes = {
				LastUpgradeCheck = 0610;
				ORGANIZATIONNAME = rickytan;
				TargetAttributes = {
					9C5AF9A61A3C9DE100F50736 = {
						CreatedOnToolsVersion = 6.1.1;
					};
				};
			};
			buildConfigurationList = 9C5AF9A21A3C9DE100F50736 /* Build configuration list for PBXProject "KALOFution" */;
			compatibilityVersion = "Xcode 3.2";
			developmentRegion = English;
			hasScannedForEncodings = 0;
			knownRegions = (
				en,
			);
			mainGroup = 9C5AF99E1A3C9DE100F50736;
			productRefGroup = 9C5AF9A81A3C9DE100F50736 /* Products */;
			projectDirPath = "";
			projectRoot = "";
			targets = (
				9C5AF9A61A3C9DE100F50736 /* KALOFution */,
			);
		};
/* End PBXProject section */

/* Begin PBXSourcesBuildPhase section */
		9C5AF9A31A3C9DE100F50736 /* Sources */ = {
			isa = PBXSourcesBuildPhase;
			buildActionMask = 2147483647;
			files = (
				9C5AF9AB1A3C9DE100F50736 /* main.cpp in Sources */,
				9CC794BA1A46C04D0027315B /* ONIDumper.cpp in Sources */,
				9C5AF9B71A3C9E3600F50736 /* DataProvider.cpp in Sources */,
				9CC794B61A46C04D0027315B /* BasicParameter.cpp in Sources */,
				9C5AF9B61A3C9E3600F50736 /* CorresBuilder.cpp in Sources */,
				9CC794B71A46C04D0027315B /* Depth2PLY.cpp in Sources */,
				9CC794BC1A46C04D0027315B /* OptimizerParameter.cpp in Sources */,
				9CC794B81A46C04D0027315B /* MapDumper.cpp in Sources */,
				9CC794BB1A46C04D0027315B /* Optimizer.cpp in Sources */,
				9CC794BD1A46C04D0027315B /* Parameter.cpp in Sources */,
			);
			runOnlyForDeploymentPostprocessing = 0;
		};
/* End PBXSourcesBuildPhase section */

/* Begin XCBuildConfiguration section */
		9C5AF9AC1A3C9DE100F50736 /* Debug */ = {
			isa = XCBuildConfiguration;
			buildSettings = {
				ALWAYS_SEARCH_USER_PATHS = NO;
				CLANG_CXX_LANGUAGE_STANDARD = "gnu++0x";
				CLANG_CXX_LIBRARY = "libc++";
				CLANG_ENABLE_MODULES = YES;
				CLANG_ENABLE_OBJC_ARC = YES;
				CLANG_WARN_BOOL_CONVERSION = YES;
				CLANG_WARN_CONSTANT_CONVERSION = YES;
				CLANG_WARN_DIRECT_OBJC_ISA_USAGE = YES_ERROR;
				CLANG_WARN_EMPTY_BODY = YES;
				CLANG_WARN_ENUM_CONVERSION = YES;
				CLANG_WARN_INT_CONVERSION = YES;
				CLANG_WARN_OBJC_ROOT_CLASS = YES_ERROR;
				CLANG_WARN_UNREACHABLE_CODE = YES;
				CLANG_WARN__DUPLICATE_METHOD_MATCH = YES;
				COPY_PHASE_STRIP = NO;
				ENABLE_STRICT_OBJC_MSGSEND = YES;
				GCC_C_LANGUAGE_STANDARD = gnu99;
				GCC_DYNAMIC_NO_PIC = NO;
				GCC_OPTIMIZATION_LEVEL = 0;
				GCC_PREPROCESSOR_DEFINITIONS = (
					"DEBUG=1",
					"$(inherited)",
				);
				GCC_SYMBOLS_PRIVATE_EXTERN = NO;
				GCC_WARN_64_TO_32_BIT_CONVERSION = YES;
				GCC_WARN_ABOUT_RETURN_TYPE = YES_ERROR;
				GCC_WARN_UNDECLARED_SELECTOR = YES;
				GCC_WARN_UNINITIALIZED_AUTOS = YES_AGGRESSIVE;
				GCC_WARN_UNUSED_FUNCTION = YES;
				GCC_WARN_UNUSED_VARIABLE = YES;
				MACOSX_DEPLOYMENT_TARGET = 10.9;
				MTL_ENABLE_DEBUG_INFO = YES;
				ONLY_ACTIVE_ARCH = YES;
				SDKROOT = macosx;
			};
			name = Debug;
		};
		9C5AF9AD1A3C9DE100F50736 /* Release */ = {
			isa = XCBuildConfiguration;
			buildSettings = {
				ALWAYS_SEARCH_USER_PATHS = NO;
				CLANG_CXX_LANGUAGE_STANDARD = "gnu++0x";
				CLANG_CXX_LIBRARY = "libc++";
				CLANG_ENABLE_MODULES = YES;
				CLANG_ENABLE_OBJC_ARC = YES;
				CLANG_WARN_BOOL_CONVERSION = YES;
				CLANG_WARN_CONSTANT_CONVERSION = YES;
				CLANG_WARN_DIRECT_OBJC_ISA_USAGE = YES_ERROR;
				CLANG_WARN_EMPTY_BODY = YES;
				CLANG_WARN_ENUM_CONVERSION = YES;
				CLANG_WARN_INT_CONVERSION = YES;
				CLANG_WARN_OBJC_ROOT_CLASS = YES_ERROR;
				CLANG_WARN_UNREACHABLE_CODE = YES;
				CLANG_WARN__DUPLICATE_METHOD_MATCH = YES;
				COPY_PHASE_STRIP = YES;
				DEBUG_INFORMATION_FORMAT = "dwarf-with-dsym";
				ENABLE_NS_ASSERTIONS = NO;
				ENABLE_STRICT_OBJC_MSGSEND = YES;
				GCC_C_LANGUAGE_STANDARD = gnu99;
				GCC_WARN_64_TO_32_BIT_CONVERSION = YES;
				GCC_WARN_ABOUT_RETURN_TYPE = YES_ERROR;
				GCC_WARN_UNDECLARED_SELECTOR = YES;
				GCC_WARN_UNINITIALIZED_AUTOS = YES_AGGRESSIVE;
				GCC_WARN_UNUSED_FUNCTION = YES;
				GCC_WARN_UNUSED_VARIABLE = YES;
				MACOSX_DEPLOYMENT_TARGET = 10.9;
				MTL_ENABLE_DEBUG_INFO = NO;
				SDKROOT = macosx;
			};
			name = Release;
		};
		9C5AF9AF1A3C9DE100F50736 /* Debug */ = {
			isa = XCBuildConfiguration;
			buildSettings = {
				HEADER_SEARCH_PATHS = (
					/usr/local/include,
					/usr/local/include/eigen3,
					"/usr/local/include/pcl-1.6",
					/usr/include/ni,
					"$(inherited)",
					/Applications/Xcode.app/Contents/Developer/Toolchains/XcodeDefault.xctoolchain/usr/include,
					"$(SRCROOT)/SuiteSparse/Include",
				);
				LIBRARY_SEARCH_PATHS = (
					/usr/local/lib,
					/usr/local/Cellar/flann/1.8.4/lib,
				);
				PRODUCT_NAME = "$(TARGET_NAME)";
				USER_HEADER_SEARCH_PATHS = "";
			};
			name = Debug;
		};
		9C5AF9B01A3C9DE100F50736 /* Release */ = {
			isa = XCBuildConfiguration;
			buildSettings = {
				HEADER_SEARCH_PATHS = (
					/usr/local/include,
					/usr/local/include/eigen3,
					"/usr/local/include/pcl-1.6",
					/usr/include/ni,
					"$(inherited)",
					/Applications/Xcode.app/Contents/Developer/Toolchains/XcodeDefault.xctoolchain/usr/include,
					"$(SRCROOT)/SuiteSparse/Include",
				);
				LIBRARY_SEARCH_PATHS = (
					/usr/local/lib,
					/usr/local/Cellar/flann/1.8.4/lib,
				);
				PRODUCT_NAME = "$(TARGET_NAME)";
				USER_HEADER_SEARCH_PATHS = "";
			};
			name = Release;
		};
/* End XCBuildConfiguration section */

/* Begin XCConfigurationList section */
		9C5AF9A21A3C9DE100F50736 /* Build configuration list for PBXProject "KALOFution" */ = {
			isa = XCConfigurationList;
			buildConfigurations = (
				9C5AF9AC1A3C9DE100F50736 /* Debug */,
				9C5AF9AD1A3C9DE100F50736 /* Release */,
			);
			defaultConfigurationIsVisible = 0;
			defaultConfigurationName = Release;
		};
		9C5AF9AE1A3C9DE100F50736 /* Build configuration list for PBXNativeTarget "KALOFution" */ = {
			isa = XCConfigurationList;
			buildConfigurations = (
				9C5AF9AF1A3C9DE100F50736 /* Debug */,
				9C5AF9B01A3C9DE100F50736 /* Release */,
			);
			defaultConfigurationIsVisible = 0;
			defaultConfigurationName = Release;
		};
/* End XCConfigurationList section */
	};
	rootObject = 9C5AF99F1A3C9DE100F50736 /* Project object */;
}
